// !$*UTF8*$!
{
	archiveVersion = 1;
	classes = {
	};
	objectVersion = 46;
	objects = {

/* Begin PBXBuildFile section */
		175E26D61D2B34670077490A /* AppDelegate.swift in Sources */ = {isa = PBXBuildFile; fileRef = 175E26D51D2B34670077490A /* AppDelegate.swift */; };
		175E26D81D2B34670077490A /* ViewController.swift in Sources */ = {isa = PBXBuildFile; fileRef = 175E26D71D2B34670077490A /* ViewController.swift */; };
		175E26DB1D2B34670077490A /* Main.storyboard in Resources */ = {isa = PBXBuildFile; fileRef = 175E26D91D2B34670077490A /* Main.storyboard */; };
		175E26DD1D2B34670077490A /* Assets.xcassets in Resources */ = {isa = PBXBuildFile; fileRef = 175E26DC1D2B34670077490A /* Assets.xcassets */; };
		175E26E01D2B34670077490A /* LaunchScreen.storyboard in Resources */ = {isa = PBXBuildFile; fileRef = 175E26DE1D2B34670077490A /* LaunchScreen.storyboard */; };
		175E26E91D2B34A30077490A /* XTimer.swift in Sources */ = {isa = PBXBuildFile; fileRef = 175E26E81D2B34A30077490A /* XTimer.swift */; };
		175E26EB1D2B35C80077490A /* VC1.swift in Sources */ = {isa = PBXBuildFile; fileRef = 175E26EA1D2B35C80077490A /* VC1.swift */; };
		175E26EE1D2B3A030077490A /* TableViewCell.swift in Sources */ = {isa = PBXBuildFile; fileRef = 175E26EC1D2B3A030077490A /* TableViewCell.swift */; };
		175E26EF1D2B3A030077490A /* TableViewCell.xib in Resources */ = {isa = PBXBuildFile; fileRef = 175E26ED1D2B3A030077490A /* TableViewCell.xib */; };
/* End PBXBuildFile section */

/* Begin PBXFileReference section */
		175E26D21D2B34670077490A /* XTimer.app */ = {isa = PBXFileReference; explicitFileType = wrapper.application; includeInIndex = 0; path = XTimer.app; sourceTree = BUILT_PRODUCTS_DIR; };
		175E26D51D2B34670077490A /* AppDelegate.swift */ = {isa = PBXFileReference; lastKnownFileType = sourcecode.swift; path = AppDelegate.swift; sourceTree = "<group>"; };
		175E26D71D2B34670077490A /* ViewController.swift */ = {isa = PBXFileReference; lastKnownFileType = sourcecode.swift; path = ViewController.swift; sourceTree = "<group>"; };
		175E26DA1D2B34670077490A /* Base */ = {isa = PBXFileReference; lastKnownFileType = file.storyboard; name = Base; path = Base.lproj/Main.storyboard; sourceTree = "<group>"; };
		175E26DC1D2B34670077490A /* Assets.xcassets */ = {isa = PBXFileReference; lastKnownFileType = folder.assetcatalog; path = Assets.xcassets; sourceTree = "<group>"; };
		175E26DF1D2B34670077490A /* Base */ = {isa = PBXFileReference; lastKnownFileType = file.storyboard; name = Base; path = Base.lproj/LaunchScreen.storyboard; sourceTree = "<group>"; };
		175E26E11D2B34670077490A /* Info.plist */ = {isa = PBXFileReference; lastKnownFileType = text.plist.xml; path = Info.plist; sourceTree = "<group>"; };
		175E26E81D2B34A30077490A /* XTimer.swift */ = {isa = PBXFileReference; fileEncoding = 4; lastKnownFileType = sourcecode.swift; path = XTimer.swift; sourceTree = "<group>"; };
		175E26EA1D2B35C80077490A /* VC1.swift */ = {isa = PBXFileReference; fileEncoding = 4; lastKnownFileType = sourcecode.swift; path = VC1.swift; sourceTree = "<group>"; };
		175E26EC1D2B3A030077490A /* TableViewCell.swift */ = {isa = PBXFileReference; fileEncoding = 4; lastKnownFileType = sourcecode.swift; path = TableViewCell.swift; sourceTree = "<group>"; };
		175E26ED1D2B3A030077490A /* TableViewCell.xib */ = {isa = PBXFileReference; fileEncoding = 4; lastKnownFileType = file.xib; path = TableViewCell.xib; sourceTree = "<group>"; };
/* End PBXFileReference section */

/* Begin PBXFrameworksBuildPhase section */
		175E26CF1D2B34670077490A /* Frameworks */ = {
			isa = PBXFrameworksBuildPhase;
			buildActionMask = 2147483647;
			files = (
			);
			runOnlyForDeploymentPostprocessing = 0;
		};
/* End PBXFrameworksBuildPhase section */

/* Begin PBXGroup section */
		175E26C91D2B34670077490A = {
			isa = PBXGroup;
			children = (
				175E26D41D2B34670077490A /* XTimer */,
				175E26D31D2B34670077490A /* Products */,
			);
			sourceTree = "<group>";
		};
		175E26D31D2B34670077490A /* Products */ = {
			isa = PBXGroup;
			children = (
				175E26D21D2B34670077490A /* XTimer.app */,
			);
			name = Products;
			sourceTree = "<group>";
		};
		175E26D41D2B34670077490A /* XTimer */ = {
			isa = PBXGroup;
			children = (
				175E26E71D2B348F0077490A /* XTimer */,
				175E26D51D2B34670077490A /* AppDelegate.swift */,
				175E26D71D2B34670077490A /* ViewController.swift */,
				175E26EA1D2B35C80077490A /* VC1.swift */,
				175E26EC1D2B3A030077490A /* TableViewCell.swift */,
				175E26ED1D2B3A030077490A /* TableViewCell.xib */,
				175E26D91D2B34670077490A /* Main.storyboard */,
				175E26DC1D2B34670077490A /* Assets.xcassets */,
				175E26DE1D2B34670077490A /* LaunchScreen.storyboard */,
				175E26E11D2B34670077490A /* Info.plist */,
			);
			path = XTimer;
			sourceTree = "<group>";
		};
		175E26E71D2B348F0077490A /* XTimer */ = {
			isa = PBXGroup;
			children = (
				175E26E81D2B34A30077490A /* XTimer.swift */,
			);
			path = XTimer;
			sourceTree = "<group>";
		};
/* End PBXGroup section */

/* Begin PBXNativeTarget section */
		175E26D11D2B34670077490A /* XTimer */ = {
			isa = PBXNativeTarget;
			buildConfigurationList = 175E26E41D2B34670077490A /* Build configuration list for PBXNativeTarget "XTimer" */;
			buildPhases = (
				175E26CE1D2B34670077490A /* Sources */,
				175E26CF1D2B34670077490A /* Frameworks */,
				175E26D01D2B34670077490A /* Resources */,
			);
			buildRules = (
			);
			dependencies = (
			);
			name = XTimer;
			productName = XTimer;
			productReference = 175E26D21D2B34670077490A /* XTimer.app */;
			productType = "com.apple.product-type.application";
		};
/* End PBXNativeTarget section */

/* Begin PBXProject section */
		175E26CA1D2B34670077490A /* Project object */ = {
			isa = PBXProject;
			attributes = {
				LastSwiftUpdateCheck = 0730;
				LastUpgradeCheck = 0730;
				ORGANIZATIONNAME = XTimer;
				TargetAttributes = {
					175E26D11D2B34670077490A = {
						CreatedOnToolsVersion = 7.3.1;
					};
				};
			};
			buildConfigurationList = 175E26CD1D2B34670077490A /* Build configuration list for PBXProject "XTimer" */;
			compatibilityVersion = "Xcode 3.2";
			developmentRegion = English;
			hasScannedForEncodings = 0;
			knownRegions = (
				en,
				Base,
			);
			mainGroup = 175E26C91D2B34670077490A;
			productRefGroup = 175E26D31D2B34670077490A /* Products */;
			projectDirPath = "";
			projectRoot = "";
			targets = (
				175E26D11D2B34670077490A /* XTimer */,
			);
		};
/* End PBXProject section */

/* Begin PBXResourcesBuildPhase section */
		175E26D01D2B34670077490A /* Resources */ = {
			isa = PBXResourcesBuildPhase;
			buildActionMask = 2147483647;
			files = (
				175E26E01D2B34670077490A /* LaunchScreen.storyboard in Resources */,
				175E26EF1D2B3A030077490A /* TableViewCell.xib in Resources */,
				175E26DD1D2B34670077490A /* Assets.xcassets in Resources */,
				175E26DB1D2B34670077490A /* Main.storyboard in Resources */,
			);
			runOnlyForDeploymentPostprocessing = 0;
		};
/* End PBXResourcesBuildPhase section */

/* Begin PBXSourcesBuildPhase section */
		175E26CE1D2B34670077490A /* Sources */ = {
			isa = PBXSourcesBuildPhase;
			buildActionMask = 2147483647;
			files = (
				175E26EE1D2B3A030077490A /* TableViewCell.swift in Sources */,
				175E26E91D2B34A30077490A /* XTimer.swift in Sources */,
				175E26D81D2B34670077490A /* ViewController.swift in Sources */,
				175E26EB1D2B35C80077490A /* VC1.swift in Sources */,
				175E26D61D2B34670077490A /* AppDelegate.swift in Sources */,
			);
			runOnlyForDeploymentPostprocessing = 0;
		};
/* End PBXSourcesBuildPhase section */

/* Begin PBXVariantGroup section */
		175E26D91D2B34670077490A /* Main.storyboard */ = {
			isa = PBXVariantGroup;
			children = (
				175E26DA1D2B34670077490A /* Base */,
			);
			name = Main.storyboard;
			sourceTree = "<group>";
		};
		175E26DE1D2B34670077490A /* LaunchScreen.storyboard */ = {
			isa = PBXVariantGroup;
			children = (
				175E26DF1D2B34670077490A /* Base */,
			);
			name = LaunchScreen.storyboard;
			sourceTree = "<group>";
		};
/* End PBXVariantGroup section */

/* Begin XCBuildConfiguration section */
		175E26E21D2B34670077490A /* Debug */ = {
			isa = XCBuildConfiguration;
			buildSettings = {
				ALWAYS_SEARCH_USER_PATHS = NO;
				CLANG_ANALYZER_NONNULL = YES;
				CLANG_CXX_LANGUAGE_STANDARD = "gnu++0x";
				CLANG_CXX_LIBRARY = "libc++";
				CLANG_ENABLE_MODULES = YES;
				CLANG_ENABLE_OBJC_ARC = YES;
				CLANG_WARN_BOOL_CONVERSION = YES;
				CLANG_WARN_CONSTANT_CONVERSION = YES;
				CLANG_WARN_DIRECT_OBJC_ISA_USAGE = YES_ERROR;
				CLANG_WARN_EMPTY_BODY = YES;
				CLANG_WARN_ENUM_CONVERSION = YES;
				CLANG_WARN_INT_CONVERSION = YES;
				CLANG_WARN_OBJC_ROOT_CLASS = YES_ERROR;
				CLANG_WARN_UNREACHABLE_CODE = YES;
				CLANG_WARN__DUPLICATE_METHOD_MATCH = YES;
				"CODE_SIGN_IDENTITY[sdk=iphoneos*]" = "iPhone Developer";
				COPY_PHASE_STRIP = NO;
				DEBUG_INFORMATION_FORMAT = dwarf;
				ENABLE_STRICT_OBJC_MSGSEND = YES;
				ENABLE_TESTABILITY = YES;
				GCC_C_LANGUAGE_STANDARD = gnu99;
				GCC_DYNAMIC_NO_PIC = NO;
				GCC_NO_COMMON_BLOCKS = YES;
				GCC_OPTIMIZATION_LEVEL = 0;
				GCC_PREPROCESSOR_DEFINITIONS = (
					"DEBUG=1",
					"$(inherited)",
				);
				GCC_WARN_64_TO_32_BIT_CONVERSION = YES;
				GCC_WARN_ABOUT_RETURN_TYPE = YES_ERROR;
				GCC_WARN_UNDECLARED_SELECTOR = YES;
				GCC_WARN_UNINITIALIZED_AUTOS = YES_AGGRESSIVE;
				GCC_WARN_UNUSED_FUNCTION = YES;
				GCC_WARN_UNUSED_VARIABLE = YES;
				IPHONEOS_DEPLOYMENT_TARGET = 9.3;
				MTL_ENABLE_DEBUG_INFO = YES;
				ONLY_ACTIVE_ARCH = YES;
				SDKROOT = iphoneos;
				SWIFT_OPTIMIZATION_LEVEL = "-Onone";
				TARGETED_DEVICE_FAMILY = "1,2";
			};
			name = Debug;
		};
		175E26E31D2B34670077490A /* Release */ = {
			isa = XCBuildConfiguration;
			buildSettings = {
				ALWAYS_SEARCH_USER_PATHS = NO;
				CLANG_ANALYZER_NONNULL = YES;
				CLANG_CXX_LANGUAGE_STANDARD = "gnu++0x";
				CLANG_CXX_LIBRARY = "libc++";
				CLANG_ENABLE_MODULES = YES;
				CLANG_ENABLE_OBJC_ARC = YES;
				CLANG_WARN_BOOL_CONVERSION = YES;
				CLANG_WARN_CONSTANT_CONVERSION = YES;
				CLANG_WARN_DIRECT_OBJC_ISA_USAGE = YES_ERROR;
				CLANG_WARN_EMPTY_BODY = YES;
				CLANG_WARN_ENUM_CONVERSION = YES;
				CLANG_WARN_INT_CONVERSION = YES;
				CLANG_WARN_OBJC_ROOT_CLASS = YES_ERROR;
				CLANG_WARN_UNREACHABLE_CODE = YES;
				CLANG_WARN__DUPLICATE_METHOD_MATCH = YES;
				"CODE_SIGN_IDENTITY[sdk=iphoneos*]" = "iPhone Developer";
				COPY_PHASE_STRIP = NO;
				DEBUG_INFORMATION_FORMAT = "dwarf-with-dsym";
				ENABLE_NS_ASSERTIONS = NO;
				ENABLE_STRICT_OBJC_MSGSEND = YES;
				GCC_C_LANGUAGE_STANDARD = gnu99;
				GCC_NO_COMMON_BLOCKS = YES;
				GCC_WARN_64_TO_32_BIT_CONVERSION = YES;
				GCC_WARN_ABOUT_RETURN_TYPE = YES_ERROR;
				GCC_WARN_UNDECLARED_SELECTOR = YES;
				GCC_WARN_UNINITIALIZED_AUTOS = YES_AGGRESSIVE;
				GCC_WARN_UNUSED_FUNCTION = YES;
				GCC_WARN_UNUSED_VARIABLE = YES;
				IPHONEOS_DEPLOYMENT_TARGET = 9.3;
				MTL_ENABLE_DEBUG_INFO = NO;
				SDKROOT = iphoneos;
				TARGETED_DEVICE_FAMILY = "1,2";
				VALIDATE_PRODUCT = YES;
			};
			name = Release;
		};
		175E26E51D2B34670077490A /* Debug */ = {
			isa = XCBuildConfiguration;
			buildSettings = {
				ASSETCATALOG_COMPILER_APPICON_NAME = AppIcon;
				INFOPLIST_FILE = XTimer/Info.plist;
				LD_RUNPATH_SEARCH_PATHS = "$(inherited) @executable_path/Frameworks";
				PRODUCT_BUNDLE_IDENTIFIER = com.X.XTimer;
				PRODUCT_NAME = "$(TARGET_NAME)";
			};
			name = Debug;
		};
		175E26E61D2B34670077490A /* Release */ = {
			isa = XCBuildConfiguration;
			buildSettings = {
				ASSETCATALOG_COMPILER_APPICON_NAME = AppIcon;
				INFOPLIST_FILE = XTimer/Info.plist;
				LD_RUNPATH_SEARCH_PATHS = "$(inherited) @executable_path/Frameworks";
				PRODUCT_BUNDLE_IDENTIFIER = com.X.XTimer;
				PRODUCT_NAME = "$(TARGET_NAME)";
			};
			name = Release;
		};
/* End XCBuildConfiguration section */

/* Begin XCConfigurationList section */
		175E26CD1D2B34670077490A /* Build configuration list for PBXProject "XTimer" */ = {
			isa = XCConfigurationList;
			buildConfigurations = (
				175E26E21D2B34670077490A /* Debug */,
				175E26E31D2B34670077490A /* Release */,
			);
			defaultConfigurationIsVisible = 0;
			defaultConfigurationName = Release;
		};
		175E26E41D2B34670077490A /* Build configuration list for PBXNativeTarget "XTimer" */ = {
			isa = XCConfigurationList;
			buildConfigurations = (
				175E26E51D2B34670077490A /* Debug */,
				175E26E61D2B34670077490A /* Release */,
			);
			defaultConfigurationIsVisible = 0;
		};
/* End XCConfigurationList section */
	};
	rootObject = 175E26CA1D2B34670077490A /* Project object */;
}
